PODS:
  - Reveal-SDK (20)
  - SDWebImage (5.0.4):
    - SDWebImage/Core (= 5.0.4)
  - SDWebImage/Core (5.0.4)
  - SnapKit (5.0.0)

DEPENDENCIES:
  - Reveal-SDK (~> 20.0)
  - SDWebImage
  - SnapKit

SPEC REPOS:
  https://github.com/cocoapods/specs.git:
    - Reveal-SDK
    - SDWebImage
    - SnapKit

SPEC CHECKSUMS:
  Reveal-SDK: 43206a57f575632fd304e85385cc259b5d359e32
  SDWebImage: c739016e4bdf0a4a1f9a04b5e0385395ad63a282
  SnapKit: fd22d10eb9aff484d79a8724eab922c1ddf89bcf

PODFILE CHECKSUM: 45ec5a20b98c538395ec1ade793263606c5ec0a8

COCOAPODS: 1.7.1
